
Microsoft Visual Studio Solution File, Format Version 12.00
# Visual Studio Version 17
VisualStudioVersion = 17.1.32228.430
MinimumVisualStudioVersion = 10.0.40219.1
Project("{9A19103F-16F7-4668-BE54-9A1E7A4F7556}") = "InfoExpress.WebApi", "InfoExpress.WebApi.csproj", "{C863A8A1-A9E6-4AE2-9AE6-ACF9A510418D}"
EndProject
Project("{9A19103F-16F7-4668-BE54-9A1E7A4F7556}") = "InfoExpress.EntidadesDeNegocio", "..\InfoExpress.EntidadesDeNegocio\InfoExpress.EntidadesDeNegocio.csproj", "{1FC4EA7E-8483-4528-AF0A-1F68AC5F96E0}"
EndProject
Project("{9A19103F-16F7-4668-BE54-9A1E7A4F7556}") = "InfoExpress.AccesoADatos", "..\InfoExpress.AccesoADatos\InfoExpress.AccesoADatos.csproj", "{CF0016F5-454E-4C39-A7A7-66DCEDBE5687}"
EndProject
Project("{9A19103F-16F7-4668-BE54-9A1E7A4F7556}") = "InfoExpress.LogicaDeNegocio", "..\InfoExpress.LogicaDeNegocio\InfoExpress.LogicaDeNegocio.csproj", "{B8732AA3-F8B2-401D-B9CA-3E44E40C4488}"
EndProject
Project("{FAE04EC0-301F-11D3-BF4B-00C04F79EFBC}") = "InfoExpress.PruebasUnitarias", "..\InfoExpress.PruebasUnitarias\InfoExpress.PruebasUnitarias.csproj", "{31772C59-A9F2-430F-AA1E-EF169AFD1C82}"
EndProject
Global
	GlobalSection(SolutionConfigurationPlatforms) = preSolution
		Debug|Any CPU = Debug|Any CPU
		Release|Any CPU = Release|Any CPU
	EndGlobalSection
	GlobalSection(ProjectConfigurationPlatforms) = postSolution
		{C863A8A1-A9E6-4AE2-9AE6-ACF9A510418D}.Debug|Any CPU.ActiveCfg = Debug|Any CPU
		{C863A8A1-A9E6-4AE2-9AE6-ACF9A510418D}.Debug|Any CPU.Build.0 = Debug|Any CPU
		{C863A8A1-A9E6-4AE2-9AE6-ACF9A510418D}.Release|Any CPU.ActiveCfg = Release|Any CPU
		{C863A8A1-A9E6-4AE2-9AE6-ACF9A510418D}.Release|Any CPU.Build.0 = Release|Any CPU
		{1FC4EA7E-8483-4528-AF0A-1F68AC5F96E0}.Debug|Any CPU.ActiveCfg = Debug|Any CPU
		{1FC4EA7E-8483-4528-AF0A-1F68AC5F96E0}.Debug|Any CPU.Build.0 = Debug|Any CPU
		{1FC4EA7E-8483-4528-AF0A-1F68AC5F96E0}.Release|Any CPU.ActiveCfg = Release|Any CPU
		{1FC4EA7E-8483-4528-AF0A-1F68AC5F96E0}.Release|Any CPU.Build.0 = Release|Any CPU
		{CF0016F5-454E-4C39-A7A7-66DCEDBE5687}.Debug|Any CPU.ActiveCfg = Debug|Any CPU
		{CF0016F5-454E-4C39-A7A7-66DCEDBE5687}.Debug|Any CPU.Build.0 = Debug|Any CPU
		{CF0016F5-454E-4C39-A7A7-66DCEDBE5687}.Release|Any CPU.ActiveCfg = Release|Any CPU
		{CF0016F5-454E-4C39-A7A7-66DCEDBE5687}.Release|Any CPU.Build.0 = Release|Any CPU
		{B8732AA3-F8B2-401D-B9CA-3E44E40C4488}.Debug|Any CPU.ActiveCfg = Debug|Any CPU
		{B8732AA3-F8B2-401D-B9CA-3E44E40C4488}.Debug|Any CPU.Build.0 = Debug|Any CPU
		{B8732AA3-F8B2-401D-B9CA-3E44E40C4488}.Release|Any CPU.ActiveCfg = Release|Any CPU
		{B8732AA3-F8B2-401D-B9CA-3E44E40C4488}.Release|Any CPU.Build.0 = Release|Any CPU
		{31772C59-A9F2-430F-AA1E-EF169AFD1C82}.Debug|Any CPU.ActiveCfg = Debug|Any CPU
		{31772C59-A9F2-430F-AA1E-EF169AFD1C82}.Debug|Any CPU.Build.0 = Debug|Any CPU
		{31772C59-A9F2-430F-AA1E-EF169AFD1C82}.Release|Any CPU.ActiveCfg = Release|Any CPU
		{31772C59-A9F2-430F-AA1E-EF169AFD1C82}.Release|Any CPU.Build.0 = Release|Any CPU
	EndGlobalSection
	GlobalSection(SolutionProperties) = preSolution
		HideSolutionNode = FALSE
	EndGlobalSection
	GlobalSection(ExtensibilityGlobals) = postSolution
		SolutionGuid = {F8C0326B-6105-4118-B47E-6A48DBF20C21}
	EndGlobalSection
EndGlobal
